
Microsoft Visual Studio Solution File, Format Version 12.00
# Visual Studio Version 17
VisualStudioVersion = 17.13.35919.96 d17.13
MinimumVisualStudioVersion = 10.0.40219.1
Project("{9A19103F-16F7-4668-BE54-9A1E7A4F7556}") = "OdsReaderWriter", "OdsReaderWriter\OdsReaderWriter.csproj", "{31A02C1D-CEAA-4CA7-9889-0FFDA29EF975}"
EndProject
Project("{9A19103F-16F7-4668-BE54-9A1E7A4F7556}") = "DumpODS", "DumpODS\DumpODS.csproj", "{C9B22BDE-71F3-4622-9AAE-98E76341E87A}"
	ProjectSection(ProjectDependencies) = postProject
		{31A02C1D-CEAA-4CA7-9889-0FFDA29EF975} = {31A02C1D-CEAA-4CA7-9889-0FFDA29EF975}
	EndProjectSection
EndProject
Project("{FAE04EC0-301F-11D3-BF4B-00C04F79EFBC}") = "Tests", "Tests\Tests.csproj", "{1BB96491-65D8-4605-9F98-F69B958D0236}"
EndProject
Global
	GlobalSection(SolutionConfigurationPlatforms) = preSolution
		Debug|Any CPU = Debug|Any CPU
		Release|Any CPU = Release|Any CPU
	EndGlobalSection
	GlobalSection(ProjectConfigurationPlatforms) = postSolution
		{31A02C1D-CEAA-4CA7-9889-0FFDA29EF975}.Debug|Any CPU.ActiveCfg = Debug|Any CPU
		{31A02C1D-CEAA-4CA7-9889-0FFDA29EF975}.Debug|Any CPU.Build.0 = Debug|Any CPU
		{31A02C1D-CEAA-4CA7-9889-0FFDA29EF975}.Release|Any CPU.ActiveCfg = Release|Any CPU
		{31A02C1D-CEAA-4CA7-9889-0FFDA29EF975}.Release|Any CPU.Build.0 = Release|Any CPU
		{C9B22BDE-71F3-4622-9AAE-98E76341E87A}.Debug|Any CPU.ActiveCfg = Debug|Any CPU
		{C9B22BDE-71F3-4622-9AAE-98E76341E87A}.Debug|Any CPU.Build.0 = Debug|Any CPU
		{C9B22BDE-71F3-4622-9AAE-98E76341E87A}.Release|Any CPU.ActiveCfg = Release|Any CPU
		{C9B22BDE-71F3-4622-9AAE-98E76341E87A}.Release|Any CPU.Build.0 = Release|Any CPU
		{1BB96491-65D8-4605-9F98-F69B958D0236}.Debug|Any CPU.ActiveCfg = Debug|Any CPU
		{1BB96491-65D8-4605-9F98-F69B958D0236}.Debug|Any CPU.Build.0 = Debug|Any CPU
		{1BB96491-65D8-4605-9F98-F69B958D0236}.Release|Any CPU.ActiveCfg = Release|Any CPU
		{1BB96491-65D8-4605-9F98-F69B958D0236}.Release|Any CPU.Build.0 = Release|Any CPU
	EndGlobalSection
	GlobalSection(SolutionProperties) = preSolution
		HideSolutionNode = FALSE
	EndGlobalSection
	GlobalSection(ExtensibilityGlobals) = postSolution
		SolutionGuid = {CE3D6B51-366A-4E0C-A346-DCABA57F96C6}
	EndGlobalSection
EndGlobal
